{
  "name": "mutantmusic",
  "version": "1.0.0",
  "lockfileVersion": 1,
  "requires": true,
  "dependencies": {
    "@types/node": {
      "version": "7.10.5",
      "resolved": "https://registry.npmjs.org/@types/node/-/node-7.10.5.tgz",
      "integrity": "sha512-RYkagUUbxQBss46ElbEa+j4q4X3GR12QwB7a/PM5hmVuVkYoW1jENT1+taspKUv8ibwW8cw+kRFbOaTc/Key3w==",
      "dev": true
    },
    "ts-promise": {
      "version": "2.1.0",
      "resolved": "https://registry.npmjs.org/ts-promise/-/ts-promise-2.1.0.tgz",
      "integrity": "sha512-184k2W1YX0BN1Un9ct+Z1XxHVwF3RAPyceNwCh8+58xQlKbUY7sckigHltw04XFVx+bk+NNSEQHTD1JirLwGZg=="
    },
    "wav-decoder": {
      "version": "1.3.0",
      "resolved": "https://registry.npmjs.org/wav-decoder/-/wav-decoder-1.3.0.tgz",
      "integrity": "sha512-4U6O/JNb1dPO90CO2YMTQ5N2plJcntm39vNMvRq9VZ4Vy5FzS7Lnx95N2QcYUyKYcZfCbhI//W3dSHA8YnOQyQ=="
    },
    "wav-encoder": {
      "version": "1.3.0",
      "resolved": "https://registry.npmjs.org/wav-encoder/-/wav-encoder-1.3.0.tgz",
      "integrity": "sha512-FXJdEu2qDOI+wbVYZpu21CS1vPEg5NaxNskBr4SaULpOJMrLE6xkH8dECa7PiS+ZoeyvP7GllWUAxPN3AvFSEw=="
    }
  }
}
